
Microsoft Visual Studio Solution File, Format Version 12.00
# Visual Studio Version 17
VisualStudioVersion = 17.3.32922.545
MinimumVisualStudioVersion = 10.0.40219.1
Project("{FAE04EC0-301F-11D3-BF4B-00C04F79EFBC}") = "FileWatcherService", "FileWatcherService\FileWatcherService.csproj", "{FCD27D57-6B1A-4CFE-B3E0-EE97C58EF25E}"
EndProject
Global
	GlobalSection(SolutionConfigurationPlatforms) = preSolution
		Debug|Any CPU = Debug|Any CPU
		Release|Any CPU = Release|Any CPU
	EndGlobalSection
	GlobalSection(ProjectConfigurationPlatforms) = postSolution
		{FCD27D57-6B1A-4CFE-B3E0-EE97C58EF25E}.Debug|Any CPU.ActiveCfg = Debug|Any CPU
		{FCD27D57-6B1A-4CFE-B3E0-EE97C58EF25E}.Debug|Any CPU.Build.0 = Debug|Any CPU
		{FCD27D57-6B1A-4CFE-B3E0-EE97C58EF25E}.Release|Any CPU.ActiveCfg = Release|Any CPU
		{FCD27D57-6B1A-4CFE-B3E0-EE97C58EF25E}.Release|Any CPU.Build.0 = Release|Any CPU
	EndGlobalSection
	GlobalSection(SolutionProperties) = preSolution
		HideSolutionNode = FALSE
	EndGlobalSection
	GlobalSection(ExtensibilityGlobals) = postSolution
		SolutionGuid = {6C40B978-6B87-488E-A697-2BBE4C8BC744}
	EndGlobalSection
EndGlobal
